<Solution>
  <Folder Name="/src/">
    <Project Path="src/WifiBandLockPro.App/WifiBandLockPro.App.csproj" />
    <Project Path="src/WifiBandLockPro.Core/WifiBandLockPro.Core.csproj" />
  </Folder>
  <Folder Name="/tests/">
    <Project Path="tests/WifiBandLockPro.Tests/WifiBandLockPro.Tests.csproj" />
  </Folder>
</Solution>
